
Microsoft Visual Studio Solution File, Format Version 12.00
# Visual Studio Version 17
VisualStudioVersion = 17.14.37531.7 d17.14
MinimumVisualStudioVersion = 10.0.40219.1
Project("{FAE04EC0-301F-11D3-BF4B-00C04F79EFBC}") = "Artemis.Plugins.Devices.LeobogHi75CPro", "Artemis.Plugins.Devices.LeobogHi75CPro.csproj", "{7D6C9AAC-86EF-F100-CDAF-6B04F8CF9ECF}"
EndProject
Global
	GlobalSection(SolutionConfigurationPlatforms) = preSolution
		Debug|x64 = Debug|x64
		Release|x64 = Release|x64
	EndGlobalSection
	GlobalSection(ProjectConfigurationPlatforms) = postSolution
		{7D6C9AAC-86EF-F100-CDAF-6B04F8CF9ECF}.Debug|x64.ActiveCfg = Debug|x64
		{7D6C9AAC-86EF-F100-CDAF-6B04F8CF9ECF}.Debug|x64.Build.0 = Debug|x64
		{7D6C9AAC-86EF-F100-CDAF-6B04F8CF9ECF}.Release|x64.ActiveCfg = Release|x64
		{7D6C9AAC-86EF-F100-CDAF-6B04F8CF9ECF}.Release|x64.Build.0 = Release|x64
	EndGlobalSection
	GlobalSection(SolutionProperties) = preSolution
		HideSolutionNode = FALSE
	EndGlobalSection
	GlobalSection(ExtensibilityGlobals) = postSolution
		SolutionGuid = {B105A8B2-9E50-40BC-A84E-91D870E7A215}
	EndGlobalSection
EndGlobal
